
Microsoft Visual Studio Solution File, Format Version 12.00
# Visual Studio Version 16
VisualStudioVersion = 16.0.31605.320
MinimumVisualStudioVersion = 10.0.40219.1
Project("{9092AA53-FB77-4645-B42D-1CCCA6BD08BD}") = "Uni_RoomBooking_ExpressApp1", "Uni_RoomBooking_ExpressApp1\Uni_RoomBooking_ExpressApp1.njsproj", "{F23B35C8-106F-4FF1-B1B0-0D131D0D606D}"
EndProject
Global
	GlobalSection(SolutionConfigurationPlatforms) = preSolution
		Debug|Any CPU = Debug|Any CPU
		Release|Any CPU = Release|Any CPU
	EndGlobalSection
	GlobalSection(ProjectConfigurationPlatforms) = postSolution
		{F23B35C8-106F-4FF1-B1B0-0D131D0D606D}.Debug|Any CPU.ActiveCfg = Debug|Any CPU
		{F23B35C8-106F-4FF1-B1B0-0D131D0D606D}.Debug|Any CPU.Build.0 = Debug|Any CPU
		{F23B35C8-106F-4FF1-B1B0-0D131D0D606D}.Release|Any CPU.ActiveCfg = Release|Any CPU
		{F23B35C8-106F-4FF1-B1B0-0D131D0D606D}.Release|Any CPU.Build.0 = Release|Any CPU
	EndGlobalSection
	GlobalSection(SolutionProperties) = preSolution
		HideSolutionNode = FALSE
	EndGlobalSection
	GlobalSection(ExtensibilityGlobals) = postSolution
		SolutionGuid = {11BAD252-36C6-4F26-9DC4-7E0E9963210F}
	EndGlobalSection
EndGlobal
